version = 1
revision = 3
requires-python = ">=3.14"
resolution-markers = [
    "platform_machine == 'arm64'",
    "platform_machine == 'x86_64'",
    "platform_machine != 'arm64' and platform_machine != 'x86_64'",
]

[[package]]
name = "polars"
version = "1.36.0"
source = { registry = "https://pypi.org/simple" }
dependencies = [
    { name = "polars-runtime-32" },
]
sdist = { url = "https://files.pythonhosted.org/packages/7b/ce/285beb40d17c4fc846aea8781d11e8031a3d8e51cedc94858977333e1f0c/polars-1.36.0.tar.gz", hash = "sha256:68af01d0c2dd2a4d95a1ddcd9d34d34587b77222434b824d3827282c0ac39941", size = 711540, upload-time = "2025-12-08T17:11:50.34Z" }
wheels = [
    { url = "https://files.pythonhosted.org/packages/24/d8/71544ade68423f75c1ffc0fc31022aa71e4bc2522005db16a4461597d382/polars-1.36.0-py3-none-any.whl", hash = "sha256:32d6f0a033420122874fff8f3d7cb2c0d758624d4def8e1ff2023b061c2ad70e", size = 801937, upload-time = "2025-12-08T17:10:54.619Z" },
]

[[package]]
name = "polars-runtime-32"
version = "1.36.0"
source = { registry = "https://pypi.org/simple" }
sdist = { url = "https://files.pythonhosted.org/packages/a6/0b/7e3b4c3845a994f8bd471b66ec505f053f88cad47a1d6aec2a16dc15707b/polars_runtime_32-1.36.0.tar.gz", hash = "sha256:29d3b3282f3c6ca54b147053d8c0da9c7ae23a7cd80c08ecbefa4f1c266310d3", size = 2786015, upload-time = "2025-12-08T17:11:51.78Z" }
wheels = [
    { url = "https://files.pythonhosted.org/packages/98/06/f18703120e8656f0852710a70f301204c8531f5dd7aa4b57e3e4498c1b04/polars_runtime_32-1.36.0-cp39-abi3-macosx_10_12_x86_64.whl", hash = "sha256:6060d6ca990ee76d7f56aa5377c323e842b2c5f2a3eb98422670e393908a3569", size = 42514626, upload-time = "2025-12-08T17:10:56.601Z" },
    { url = "https://files.pythonhosted.org/packages/73/51/96a4129d8754a49c1a3aae550a25859432338899ed522e7bd34902c6493d/polars_runtime_32-1.36.0-cp39-abi3-macosx_11_0_arm64.whl", hash = "sha256:ab2f15b9de1b2ea78d421703b829a9ffb0b65889a4e6e1dec75c785cebef45f9", size = 38370421, upload-time = "2025-12-08T17:10:59.639Z" },
    { url = "https://files.pythonhosted.org/packages/9e/d2/3d47a9904ac4d71fa1110594dd99de7c298e5bd6f6a602a42f35c81bebf5/polars_runtime_32-1.36.0-cp39-abi3-manylinux_2_17_x86_64.manylinux2014_x86_64.whl", hash = "sha256:be0aedf1e2c37b2463923f356d688459843e9436fc47e55fa281ce474ddefacc", size = 43489077, upload-time = "2025-12-08T17:11:02.273Z" },
    { url = "https://files.pythonhosted.org/packages/00/45/ebd063d4d41500cf8140feb49fce9f3b2386103df2ff2cc34569273b9196/polars_runtime_32-1.36.0-cp39-abi3-manylinux_2_24_aarch64.whl", hash = "sha256:2cf5dee05322394fbff6b1e66e9f2653abee1c067a94a3ac5bd1ea389df28b40", size = 39710563, upload-time = "2025-12-08T17:11:04.956Z" },
    { url = "https://files.pythonhosted.org/packages/cc/30/ddcce6b988f88b445f365ec793e54bc8f843a175eb3b580aebfa6c732976/polars_runtime_32-1.36.0-cp39-abi3-win_amd64.whl", hash = "sha256:cf2be8e2fe2a89e8985845cf25a67e233211c7b6a29256b647df6a261b987374", size = 43547512, upload-time = "2025-12-08T17:11:08.286Z" },
    { url = "https://files.pythonhosted.org/packages/92/4f/b2350a98a767de31b7872bd1511530cb7eefe68132f64ba1105679346ca4/polars_runtime_32-1.36.0-cp39-abi3-win_arm64.whl", hash = "sha256:b21cb377c86fe5d0b4de6010dfc3f62c65c4b3b34dcbca77cd1a47548f0f1cba", size = 38938352, upload-time = "2025-12-08T17:11:10.922Z" },
]

[[package]]
name = "polars-runtime-32-ft"
version = "0.1.0"
source = { editable = "." }
dependencies = [
    { name = "polars" },
]

[package.metadata]
requires-dist = [{ name = "polars", specifier = "==1.36.0" }]
